
Microsoft Visual Studio Solution File, Format Version 12.00
# Visual Studio Version 16
VisualStudioVersion = 16.0.30104.148
MinimumVisualStudioVersion = 10.0.40219.1
Project("{FAE04EC0-301F-11D3-BF4B-00C04F79EFBC}") = "WebAPI", "WebAPI.csproj", "{C8C18801-D653-4D46-9CAA-882210FF7B0B}"
EndProject
Global
	GlobalSection(SolutionConfigurationPlatforms) = preSolution
		Debug|Any CPU = Debug|Any CPU
		Release|Any CPU = Release|Any CPU
	EndGlobalSection
	GlobalSection(ProjectConfigurationPlatforms) = postSolution
		{C8C18801-D653-4D46-9CAA-882210FF7B0B}.Debug|Any CPU.ActiveCfg = Debug|Any CPU
		{C8C18801-D653-4D46-9CAA-882210FF7B0B}.Debug|Any CPU.Build.0 = Debug|Any CPU
		{C8C18801-D653-4D46-9CAA-882210FF7B0B}.Release|Any CPU.ActiveCfg = Release|Any CPU
		{C8C18801-D653-4D46-9CAA-882210FF7B0B}.Release|Any CPU.Build.0 = Release|Any CPU
	EndGlobalSection
	GlobalSection(SolutionProperties) = preSolution
		HideSolutionNode = FALSE
	EndGlobalSection
	GlobalSection(ExtensibilityGlobals) = postSolution
		SolutionGuid = {D9D7E635-E514-466C-8295-4A87914ECCB4}
	EndGlobalSection
EndGlobal
